
Microsoft Visual Studio Solution File, Format Version 12.00
# Visual Studio Version 16
VisualStudioVersion = 16.0.30523.141
MinimumVisualStudioVersion = 10.0.40219.1
Project("{FAE04EC0-301F-11D3-BF4B-00C04F79EFBC}") = "01_31", "01_31.csproj", "{15BC8E50-4802-4034-9486-E3BA2B6434B9}"
EndProject
Global
	GlobalSection(SolutionConfigurationPlatforms) = preSolution
		Debug|Any CPU = Debug|Any CPU
		Release|Any CPU = Release|Any CPU
	EndGlobalSection
	GlobalSection(ProjectConfigurationPlatforms) = postSolution
		{15BC8E50-4802-4034-9486-E3BA2B6434B9}.Debug|Any CPU.ActiveCfg = Debug|Any CPU
		{15BC8E50-4802-4034-9486-E3BA2B6434B9}.Debug|Any CPU.Build.0 = Debug|Any CPU
		{15BC8E50-4802-4034-9486-E3BA2B6434B9}.Release|Any CPU.ActiveCfg = Release|Any CPU
		{15BC8E50-4802-4034-9486-E3BA2B6434B9}.Release|Any CPU.Build.0 = Release|Any CPU
	EndGlobalSection
	GlobalSection(SolutionProperties) = preSolution
		HideSolutionNode = FALSE
	EndGlobalSection
	GlobalSection(ExtensibilityGlobals) = postSolution
		SolutionGuid = {83B0419F-D756-48CC-A050-5619D88E42EA}
	EndGlobalSection
EndGlobal
