
Microsoft Visual Studio Solution File, Format Version 12.00
# Visual Studio Version 16
VisualStudioVersion = 16.0.30523.141
MinimumVisualStudioVersion = 10.0.40219.1
Project("{FAE04EC0-301F-11D3-BF4B-00C04F79EFBC}") = "01_41", "01_41.csproj", "{5BC2AE13-9A2D-491C-A34B-B4AD7183ABD5}"
EndProject
Global
	GlobalSection(SolutionConfigurationPlatforms) = preSolution
		Debug|Any CPU = Debug|Any CPU
		Release|Any CPU = Release|Any CPU
	EndGlobalSection
	GlobalSection(ProjectConfigurationPlatforms) = postSolution
		{5BC2AE13-9A2D-491C-A34B-B4AD7183ABD5}.Debug|Any CPU.ActiveCfg = Debug|Any CPU
		{5BC2AE13-9A2D-491C-A34B-B4AD7183ABD5}.Debug|Any CPU.Build.0 = Debug|Any CPU
		{5BC2AE13-9A2D-491C-A34B-B4AD7183ABD5}.Release|Any CPU.ActiveCfg = Release|Any CPU
		{5BC2AE13-9A2D-491C-A34B-B4AD7183ABD5}.Release|Any CPU.Build.0 = Release|Any CPU
	EndGlobalSection
	GlobalSection(SolutionProperties) = preSolution
		HideSolutionNode = FALSE
	EndGlobalSection
	GlobalSection(ExtensibilityGlobals) = postSolution
		SolutionGuid = {2B858775-D2F8-4041-B04B-331EDAB70628}
	EndGlobalSection
EndGlobal
