
Microsoft Visual Studio Solution File, Format Version 12.00
# Visual Studio Version 16
VisualStudioVersion = 16.0.30523.141
MinimumVisualStudioVersion = 10.0.40219.1
Project("{FAE04EC0-301F-11D3-BF4B-00C04F79EFBC}") = "01_20", "01_20.csproj", "{B460896D-8F03-4573-8939-57D718A0F72C}"
EndProject
Global
	GlobalSection(SolutionConfigurationPlatforms) = preSolution
		Debug|Any CPU = Debug|Any CPU
		Release|Any CPU = Release|Any CPU
	EndGlobalSection
	GlobalSection(ProjectConfigurationPlatforms) = postSolution
		{B460896D-8F03-4573-8939-57D718A0F72C}.Debug|Any CPU.ActiveCfg = Debug|Any CPU
		{B460896D-8F03-4573-8939-57D718A0F72C}.Debug|Any CPU.Build.0 = Debug|Any CPU
		{B460896D-8F03-4573-8939-57D718A0F72C}.Release|Any CPU.ActiveCfg = Release|Any CPU
		{B460896D-8F03-4573-8939-57D718A0F72C}.Release|Any CPU.Build.0 = Release|Any CPU
	EndGlobalSection
	GlobalSection(SolutionProperties) = preSolution
		HideSolutionNode = FALSE
	EndGlobalSection
	GlobalSection(ExtensibilityGlobals) = postSolution
		SolutionGuid = {F19974C1-5132-4A87-964C-049A025B3A1D}
	EndGlobalSection
EndGlobal
