
Microsoft Visual Studio Solution File, Format Version 12.00
# Visual Studio Version 16
VisualStudioVersion = 16.0.30523.141
MinimumVisualStudioVersion = 10.0.40219.1
Project("{FAE04EC0-301F-11D3-BF4B-00C04F79EFBC}") = "01_01", "01_01.csproj", "{55FAED9A-956D-4D8A-8986-8A2EE5D8D6A7}"
EndProject
Global
	GlobalSection(SolutionConfigurationPlatforms) = preSolution
		Debug|Any CPU = Debug|Any CPU
		Release|Any CPU = Release|Any CPU
	EndGlobalSection
	GlobalSection(ProjectConfigurationPlatforms) = postSolution
		{55FAED9A-956D-4D8A-8986-8A2EE5D8D6A7}.Debug|Any CPU.ActiveCfg = Debug|Any CPU
		{55FAED9A-956D-4D8A-8986-8A2EE5D8D6A7}.Debug|Any CPU.Build.0 = Debug|Any CPU
		{55FAED9A-956D-4D8A-8986-8A2EE5D8D6A7}.Release|Any CPU.ActiveCfg = Release|Any CPU
		{55FAED9A-956D-4D8A-8986-8A2EE5D8D6A7}.Release|Any CPU.Build.0 = Release|Any CPU
	EndGlobalSection
	GlobalSection(SolutionProperties) = preSolution
		HideSolutionNode = FALSE
	EndGlobalSection
	GlobalSection(ExtensibilityGlobals) = postSolution
		SolutionGuid = {4851B1D6-4928-4BCF-BDFA-0AAD06903863}
	EndGlobalSection
EndGlobal
