
Microsoft Visual Studio Solution File, Format Version 12.00
# Visual Studio Version 16
VisualStudioVersion = 16.0.30523.141
MinimumVisualStudioVersion = 10.0.40219.1
Project("{FAE04EC0-301F-11D3-BF4B-00C04F79EFBC}") = "02_10", "02_10.csproj", "{9BCB256F-7492-410B-A453-16026A961D48}"
EndProject
Global
	GlobalSection(SolutionConfigurationPlatforms) = preSolution
		Debug|Any CPU = Debug|Any CPU
		Release|Any CPU = Release|Any CPU
	EndGlobalSection
	GlobalSection(ProjectConfigurationPlatforms) = postSolution
		{9BCB256F-7492-410B-A453-16026A961D48}.Debug|Any CPU.ActiveCfg = Debug|Any CPU
		{9BCB256F-7492-410B-A453-16026A961D48}.Debug|Any CPU.Build.0 = Debug|Any CPU
		{9BCB256F-7492-410B-A453-16026A961D48}.Release|Any CPU.ActiveCfg = Release|Any CPU
		{9BCB256F-7492-410B-A453-16026A961D48}.Release|Any CPU.Build.0 = Release|Any CPU
	EndGlobalSection
	GlobalSection(SolutionProperties) = preSolution
		HideSolutionNode = FALSE
	EndGlobalSection
	GlobalSection(ExtensibilityGlobals) = postSolution
		SolutionGuid = {2C3400F1-3301-46D6-B734-C987A357706E}
	EndGlobalSection
EndGlobal
